
Microsoft Visual Studio Solution File, Format Version 12.00
# Visual Studio Version 17
VisualStudioVersion = 17.0.32014.148
MinimumVisualStudioVersion = 10.0.40219.1
Project("{9A19103F-16F7-4668-BE54-9A1E7A4F7556}") = "vNext.BlazorComponents.Toasts", "vNext.BlazorComponents.Toasts\vNext.BlazorComponents.Toasts.csproj", "{BA37EA35-3E08-47CC-B0C3-B364EA867294}"
EndProject
Project("{2150E333-8FDC-42A3-9474-1A3956D46DE8}") = "Solution Items", "Solution Items", "{CF681B20-E3FB-4D3C-AC03-CFD6EAC2600C}"
	ProjectSection(SolutionItems) = preProject
		README.md = README.md
	EndProjectSection
EndProject
Project("{9A19103F-16F7-4668-BE54-9A1E7A4F7556}") = "WebAssemblyDemo", "WebAssemblyDemo\WebAssemblyDemo.csproj", "{4C5E1EC9-0DFA-4EA2-AB6E-20CE42D88585}"
EndProject
Project("{9A19103F-16F7-4668-BE54-9A1E7A4F7556}") = "Demo", "Demo\Demo.csproj", "{8CF9D964-4E77-4376-BB52-C8E7FE3C57B9}"
EndProject
Global
	GlobalSection(SolutionConfigurationPlatforms) = preSolution
		Debug|Any CPU = Debug|Any CPU
		Release|Any CPU = Release|Any CPU
	EndGlobalSection
	GlobalSection(ProjectConfigurationPlatforms) = postSolution
		{BA37EA35-3E08-47CC-B0C3-B364EA867294}.Debug|Any CPU.ActiveCfg = Debug|Any CPU
		{BA37EA35-3E08-47CC-B0C3-B364EA867294}.Debug|Any CPU.Build.0 = Debug|Any CPU
		{BA37EA35-3E08-47CC-B0C3-B364EA867294}.Release|Any CPU.ActiveCfg = Release|Any CPU
		{BA37EA35-3E08-47CC-B0C3-B364EA867294}.Release|Any CPU.Build.0 = Release|Any CPU
		{4C5E1EC9-0DFA-4EA2-AB6E-20CE42D88585}.Debug|Any CPU.ActiveCfg = Debug|Any CPU
		{4C5E1EC9-0DFA-4EA2-AB6E-20CE42D88585}.Debug|Any CPU.Build.0 = Debug|Any CPU
		{4C5E1EC9-0DFA-4EA2-AB6E-20CE42D88585}.Release|Any CPU.ActiveCfg = Release|Any CPU
		{4C5E1EC9-0DFA-4EA2-AB6E-20CE42D88585}.Release|Any CPU.Build.0 = Release|Any CPU
		{8CF9D964-4E77-4376-BB52-C8E7FE3C57B9}.Debug|Any CPU.ActiveCfg = Debug|Any CPU
		{8CF9D964-4E77-4376-BB52-C8E7FE3C57B9}.Debug|Any CPU.Build.0 = Debug|Any CPU
		{8CF9D964-4E77-4376-BB52-C8E7FE3C57B9}.Release|Any CPU.ActiveCfg = Release|Any CPU
		{8CF9D964-4E77-4376-BB52-C8E7FE3C57B9}.Release|Any CPU.Build.0 = Release|Any CPU
	EndGlobalSection
	GlobalSection(SolutionProperties) = preSolution
		HideSolutionNode = FALSE
	EndGlobalSection
	GlobalSection(ExtensibilityGlobals) = postSolution
		SolutionGuid = {D2B11F70-3A54-4D0A-A9B9-BD08E883EC7C}
	EndGlobalSection
EndGlobal
